
Microsoft Visual Studio Solution File, Format Version 12.00
# Visual Studio Version 17
VisualStudioVersion = 17.5.33502.453
MinimumVisualStudioVersion = 10.0.40219.1
Project("{FAE04EC0-301F-11D3-BF4B-00C04F79EFBC}") = "ColorInterpolationFormApp", "ColorInterpolationFormApp\ColorInterpolationFormApp.csproj", "{9C679715-0529-4C9F-AFB0-A0D539BD000F}"
EndProject
Global
	GlobalSection(SolutionConfigurationPlatforms) = preSolution
		Debug|Any CPU = Debug|Any CPU
		Release|Any CPU = Release|Any CPU
	EndGlobalSection
	GlobalSection(ProjectConfigurationPlatforms) = postSolution
		{9C679715-0529-4C9F-AFB0-A0D539BD000F}.Debug|Any CPU.ActiveCfg = Debug|Any CPU
		{9C679715-0529-4C9F-AFB0-A0D539BD000F}.Debug|Any CPU.Build.0 = Debug|Any CPU
		{9C679715-0529-4C9F-AFB0-A0D539BD000F}.Release|Any CPU.ActiveCfg = Release|Any CPU
		{9C679715-0529-4C9F-AFB0-A0D539BD000F}.Release|Any CPU.Build.0 = Release|Any CPU
	EndGlobalSection
	GlobalSection(SolutionProperties) = preSolution
		HideSolutionNode = FALSE
	EndGlobalSection
	GlobalSection(ExtensibilityGlobals) = postSolution
		SolutionGuid = {A1994AA3-FD43-4C8A-A590-DBA3D5798E1C}
	EndGlobalSection
EndGlobal
